
Microsoft Visual Studio Solution File, Format Version 12.00
# Visual Studio Version 16
VisualStudioVersion = 16.0.30330.147
MinimumVisualStudioVersion = 10.0.40219.1
Project("{FAE04EC0-301F-11D3-BF4B-00C04F79EFBC}") = "ArtOfMagicCrawler", "ArtOfMagicCrawler\ArtOfMagicCrawler.csproj", "{4284A8E8-D5EE-42ED-8ACE-E1E16734276A}"
EndProject
Global
	GlobalSection(SolutionConfigurationPlatforms) = preSolution
		Debug|Any CPU = Debug|Any CPU
		Release|Any CPU = Release|Any CPU
	EndGlobalSection
	GlobalSection(ProjectConfigurationPlatforms) = postSolution
		{4284A8E8-D5EE-42ED-8ACE-E1E16734276A}.Debug|Any CPU.ActiveCfg = Debug|Any CPU
		{4284A8E8-D5EE-42ED-8ACE-E1E16734276A}.Debug|Any CPU.Build.0 = Debug|Any CPU
		{4284A8E8-D5EE-42ED-8ACE-E1E16734276A}.Release|Any CPU.ActiveCfg = Release|Any CPU
		{4284A8E8-D5EE-42ED-8ACE-E1E16734276A}.Release|Any CPU.Build.0 = Release|Any CPU
	EndGlobalSection
	GlobalSection(SolutionProperties) = preSolution
		HideSolutionNode = FALSE
	EndGlobalSection
	GlobalSection(ExtensibilityGlobals) = postSolution
		SolutionGuid = {CF77288A-2DB8-4948-9417-B8D09DB7EFEB}
	EndGlobalSection
EndGlobal
