
Microsoft Visual Studio Solution File, Format Version 12.00
# Visual Studio 15
VisualStudioVersion = 15.0.28307.1927
MinimumVisualStudioVersion = 10.0.40219.1
Project("{FAE04EC0-301F-11D3-BF4B-00C04F79EFBC}") = "ArtOfMagicCrawler", "ArtOfMagicCrawler\ArtOfMagicCrawler.csproj", "{4284A8E8-D5EE-42ED-8ACE-E1E16734276A}"
EndProject
Project("{FAE04EC0-301F-11D3-BF4B-00C04F79EFBC}") = "EBookCrawler", "..\..\EBookCrawler\EBookCrawler\EBookCrawler\EBookCrawler.csproj", "{83C200F1-28CC-4B31-BC1F-03C2A11DF8BA}"
EndProject
Global
	GlobalSection(SolutionConfigurationPlatforms) = preSolution
		Debug|Any CPU = Debug|Any CPU
		Debug|x64 = Debug|x64
		Release|Any CPU = Release|Any CPU
		Release|x64 = Release|x64
	EndGlobalSection
	GlobalSection(ProjectConfigurationPlatforms) = postSolution
		{4284A8E8-D5EE-42ED-8ACE-E1E16734276A}.Debug|Any CPU.ActiveCfg = Debug|Any CPU
		{4284A8E8-D5EE-42ED-8ACE-E1E16734276A}.Debug|Any CPU.Build.0 = Debug|Any CPU
		{4284A8E8-D5EE-42ED-8ACE-E1E16734276A}.Debug|x64.ActiveCfg = Debug|x64
		{4284A8E8-D5EE-42ED-8ACE-E1E16734276A}.Debug|x64.Build.0 = Debug|x64
		{4284A8E8-D5EE-42ED-8ACE-E1E16734276A}.Release|Any CPU.ActiveCfg = Release|Any CPU
		{4284A8E8-D5EE-42ED-8ACE-E1E16734276A}.Release|Any CPU.Build.0 = Release|Any CPU
		{4284A8E8-D5EE-42ED-8ACE-E1E16734276A}.Release|x64.ActiveCfg = Release|x64
		{4284A8E8-D5EE-42ED-8ACE-E1E16734276A}.Release|x64.Build.0 = Release|x64
		{83C200F1-28CC-4B31-BC1F-03C2A11DF8BA}.Debug|Any CPU.ActiveCfg = Debug|Any CPU
		{83C200F1-28CC-4B31-BC1F-03C2A11DF8BA}.Debug|Any CPU.Build.0 = Debug|Any CPU
		{83C200F1-28CC-4B31-BC1F-03C2A11DF8BA}.Debug|x64.ActiveCfg = Debug|x64
		{83C200F1-28CC-4B31-BC1F-03C2A11DF8BA}.Debug|x64.Build.0 = Debug|x64
		{83C200F1-28CC-4B31-BC1F-03C2A11DF8BA}.Release|Any CPU.ActiveCfg = Release|Any CPU
		{83C200F1-28CC-4B31-BC1F-03C2A11DF8BA}.Release|Any CPU.Build.0 = Release|Any CPU
		{83C200F1-28CC-4B31-BC1F-03C2A11DF8BA}.Release|x64.ActiveCfg = Release|x64
		{83C200F1-28CC-4B31-BC1F-03C2A11DF8BA}.Release|x64.Build.0 = Release|x64
	EndGlobalSection
	GlobalSection(SolutionProperties) = preSolution
		HideSolutionNode = FALSE
	EndGlobalSection
	GlobalSection(ExtensibilityGlobals) = postSolution
		SolutionGuid = {CF77288A-2DB8-4948-9417-B8D09DB7EFEB}
	EndGlobalSection
EndGlobal
